
Microsoft Visual Studio Solution File, Format Version 12.00
# Visual Studio Version 17
VisualStudioVersion = 17.4.33122.133
MinimumVisualStudioVersion = 10.0.40219.1
Project("{9A19103F-16F7-4668-BE54-9A1E7A4F7556}") = "Project", "Project\Project.csproj", "{9ABE6F3F-4713-4414-B8B9-208C18951F39}"
EndProject
Project("{9A19103F-16F7-4668-BE54-9A1E7A4F7556}") = "Project.Infrastructure", "Project.Infrastructure\Project.Infrastructure.csproj", "{7C23A32C-61ED-46AC-A5EC-79D66A264EDD}"
EndProject
Global
	GlobalSection(SolutionConfigurationPlatforms) = preSolution
		Debug|Any CPU = Debug|Any CPU
		Release|Any CPU = Release|Any CPU
	EndGlobalSection
	GlobalSection(ProjectConfigurationPlatforms) = postSolution
		{9ABE6F3F-4713-4414-B8B9-208C18951F39}.Debug|Any CPU.ActiveCfg = Debug|Any CPU
		{9ABE6F3F-4713-4414-B8B9-208C18951F39}.Debug|Any CPU.Build.0 = Debug|Any CPU
		{9ABE6F3F-4713-4414-B8B9-208C18951F39}.Release|Any CPU.ActiveCfg = Release|Any CPU
		{9ABE6F3F-4713-4414-B8B9-208C18951F39}.Release|Any CPU.Build.0 = Release|Any CPU
		{7C23A32C-61ED-46AC-A5EC-79D66A264EDD}.Debug|Any CPU.ActiveCfg = Debug|Any CPU
		{7C23A32C-61ED-46AC-A5EC-79D66A264EDD}.Debug|Any CPU.Build.0 = Debug|Any CPU
		{7C23A32C-61ED-46AC-A5EC-79D66A264EDD}.Release|Any CPU.ActiveCfg = Release|Any CPU
		{7C23A32C-61ED-46AC-A5EC-79D66A264EDD}.Release|Any CPU.Build.0 = Release|Any CPU
	EndGlobalSection
	GlobalSection(SolutionProperties) = preSolution
		HideSolutionNode = FALSE
	EndGlobalSection
	GlobalSection(ExtensibilityGlobals) = postSolution
		SolutionGuid = {0BD8BC0D-A995-4BE1-99EB-93DF03DE44AA}
	EndGlobalSection
EndGlobal
